<Solution>
  <Configurations>
    <Platform Name="x64" />
    <Platform Name="x86" />
  </Configurations>
  <Project Path="../LAB07 No2/LAB07 No2.vcxproj" />
  <Project Path="../LAB07 No3/LAB07 No3.vcxproj" />
  <Project Path="../LAB07 No4/LAB07 No4.vcxproj" />
  <Project Path="../LAB07 No5/LAB07 No5.vcxproj" />
  <Project Path="../LAB07 No6/LAB07 No6.vcxproj" />
  <Project Path="LAB07 1-6.vcxproj" />
</Solution>
